
Microsoft Visual Studio Solution File, Format Version 12.00
# Visual Studio Version 17
VisualStudioVersion = 17.14.36908.2 d17.14
MinimumVisualStudioVersion = 10.0.40219.1
Project("{FAE04EC0-301F-11D3-BF4B-00C04F79EFBC}") = "4_Calculator", "4_Calculator\4_Calculator.csproj", "{87524ABA-0246-43FD-A3ED-844FD15B627A}"
EndProject
Global
	GlobalSection(SolutionConfigurationPlatforms) = preSolution
		Debug|Any CPU = Debug|Any CPU
		Release|Any CPU = Release|Any CPU
	EndGlobalSection
	GlobalSection(ProjectConfigurationPlatforms) = postSolution
		{87524ABA-0246-43FD-A3ED-844FD15B627A}.Debug|Any CPU.ActiveCfg = Debug|Any CPU
		{87524ABA-0246-43FD-A3ED-844FD15B627A}.Debug|Any CPU.Build.0 = Debug|Any CPU
		{87524ABA-0246-43FD-A3ED-844FD15B627A}.Release|Any CPU.ActiveCfg = Release|Any CPU
		{87524ABA-0246-43FD-A3ED-844FD15B627A}.Release|Any CPU.Build.0 = Release|Any CPU
	EndGlobalSection
	GlobalSection(SolutionProperties) = preSolution
		HideSolutionNode = FALSE
	EndGlobalSection
	GlobalSection(ExtensibilityGlobals) = postSolution
		SolutionGuid = {128F380A-0714-42D7-9017-ACBD01B306D7}
	EndGlobalSection
EndGlobal
